
Microsoft Visual Studio Solution File, Format Version 12.00
Project("{FAE04EC0-301F-11D3-BF4B-00C04F79EFBC}") = "Explore.Ui", "Explore.Ui\Explore.Ui.csproj", "{CEA1631A-87D9-477B-93A3-F5C47940FB1B}"
EndProject
Global
	GlobalSection(SolutionConfigurationPlatforms) = preSolution
		Debug|Any CPU = Debug|Any CPU
		Release|Any CPU = Release|Any CPU
	EndGlobalSection
	GlobalSection(ProjectConfigurationPlatforms) = postSolution
		{CEA1631A-87D9-477B-93A3-F5C47940FB1B}.Debug|Any CPU.ActiveCfg = Debug|Any CPU
		{CEA1631A-87D9-477B-93A3-F5C47940FB1B}.Debug|Any CPU.Build.0 = Debug|Any CPU
		{CEA1631A-87D9-477B-93A3-F5C47940FB1B}.Release|Any CPU.ActiveCfg = Release|Any CPU
		{CEA1631A-87D9-477B-93A3-F5C47940FB1B}.Release|Any CPU.Build.0 = Release|Any CPU
	EndGlobalSection
EndGlobal
